
Microsoft Visual Studio Solution File, Format Version 12.00
# Visual Studio Version 16
VisualStudioVersion = 16.0.31702.278
MinimumVisualStudioVersion = 10.0.40219.1
Project("{FAE04EC0-301F-11D3-BF4B-00C04F79EFBC}") = "Projeto_Login", "Projeto_Login\Projeto_Login.csproj", "{570C96CA-DA77-4366-8DDF-E01CA82336CD}"
EndProject
Global
	GlobalSection(SolutionConfigurationPlatforms) = preSolution
		Debug|Any CPU = Debug|Any CPU
		Release|Any CPU = Release|Any CPU
	EndGlobalSection
	GlobalSection(ProjectConfigurationPlatforms) = postSolution
		{570C96CA-DA77-4366-8DDF-E01CA82336CD}.Debug|Any CPU.ActiveCfg = Debug|Any CPU
		{570C96CA-DA77-4366-8DDF-E01CA82336CD}.Debug|Any CPU.Build.0 = Debug|Any CPU
		{570C96CA-DA77-4366-8DDF-E01CA82336CD}.Release|Any CPU.ActiveCfg = Release|Any CPU
		{570C96CA-DA77-4366-8DDF-E01CA82336CD}.Release|Any CPU.Build.0 = Release|Any CPU
	EndGlobalSection
	GlobalSection(SolutionProperties) = preSolution
		HideSolutionNode = FALSE
	EndGlobalSection
	GlobalSection(ExtensibilityGlobals) = postSolution
		SolutionGuid = {D70140A0-62B6-46F2-986E-17455C0A90F9}
	EndGlobalSection
EndGlobal
